
Microsoft Visual Studio Solution File, Format Version 12.00
# Visual Studio Version 16
VisualStudioVersion = 16.0.30309.148
MinimumVisualStudioVersion = 10.0.40219.1
Project("{FAE04EC0-301F-11D3-BF4B-00C04F79EFBC}") = "VaultexApi", "VaultexApi.csproj", "{61A36D06-389B-414D-BDF5-DBB05B508DFC}"
EndProject
Global
	GlobalSection(SolutionConfigurationPlatforms) = preSolution
		Debug|Any CPU = Debug|Any CPU
		Release|Any CPU = Release|Any CPU
	EndGlobalSection
	GlobalSection(ProjectConfigurationPlatforms) = postSolution
		{61A36D06-389B-414D-BDF5-DBB05B508DFC}.Debug|Any CPU.ActiveCfg = Debug|Any CPU
		{61A36D06-389B-414D-BDF5-DBB05B508DFC}.Debug|Any CPU.Build.0 = Debug|Any CPU
		{61A36D06-389B-414D-BDF5-DBB05B508DFC}.Release|Any CPU.ActiveCfg = Release|Any CPU
		{61A36D06-389B-414D-BDF5-DBB05B508DFC}.Release|Any CPU.Build.0 = Release|Any CPU
	EndGlobalSection
	GlobalSection(SolutionProperties) = preSolution
		HideSolutionNode = FALSE
	EndGlobalSection
	GlobalSection(ExtensibilityGlobals) = postSolution
		SolutionGuid = {AA764EB6-D070-4898-81B1-DB56C386FE9B}
	EndGlobalSection
EndGlobal
